
Microsoft Visual Studio Solution File, Format Version 12.00
# Visual Studio Version 17
VisualStudioVersion = 17.14.36202.13 d17.14
MinimumVisualStudioVersion = 10.0.40219.1
Project("{FAE04EC0-301F-11D3-BF4B-00C04F79EFBC}") = "TimetableAPI", "TimetableAPI.csproj", "{1F24D46C-C385-45E2-B242-DCAC8CB91065}"
EndProject
Global
	GlobalSection(SolutionConfigurationPlatforms) = preSolution
		Debug|Any CPU = Debug|Any CPU
		Release|Any CPU = Release|Any CPU
	EndGlobalSection
	GlobalSection(ProjectConfigurationPlatforms) = postSolution
		{1F24D46C-C385-45E2-B242-DCAC8CB91065}.Debug|Any CPU.ActiveCfg = Debug|Any CPU
		{1F24D46C-C385-45E2-B242-DCAC8CB91065}.Debug|Any CPU.Build.0 = Debug|Any CPU
		{1F24D46C-C385-45E2-B242-DCAC8CB91065}.Release|Any CPU.ActiveCfg = Release|Any CPU
		{1F24D46C-C385-45E2-B242-DCAC8CB91065}.Release|Any CPU.Build.0 = Release|Any CPU
	EndGlobalSection
	GlobalSection(SolutionProperties) = preSolution
		HideSolutionNode = FALSE
	EndGlobalSection
	GlobalSection(ExtensibilityGlobals) = postSolution
		SolutionGuid = {CD737AFE-A902-4C72-8FE6-EE1EDF176440}
	EndGlobalSection
EndGlobal
